// !$*UTF8*$!
{
	archiveVersion = 1;
	classes = {
	};
	objectVersion = 50;
	objects = {

/* Begin PBXBuildFile section */
		CA6AB3A925B66D480071664F /* AppDelegate.m in Sources */ = {isa = PBXBuildFile; fileRef = CA6AB3A825B66D480071664F /* AppDelegate.m */; };
		CA6AB3AF25B66D480071664F /* ViewController.m in Sources */ = {isa = PBXBuildFile; fileRef = CA6AB3AE25B66D480071664F /* ViewController.m */; };
		CA6AB3B225B66D480071664F /* Main.storyboard in Resources */ = {isa = PBXBuildFile; fileRef = CA6AB3B025B66D480071664F /* Main.storyboard */; };
		CA6AB3B425B66D4A0071664F /* Assets.xcassets in Resources */ = {isa = PBXBuildFile; fileRef = CA6AB3B325B66D4A0071664F /* Assets.xcassets */; };
		CA6AB3B725B66D4A0071664F /* LaunchScreen.storyboard in Resources */ = {isa = PBXBuildFile; fileRef = CA6AB3B525B66D4A0071664F /* LaunchScreen.storyboard */; };
		CA6AB3BA25B66D4A0071664F /* main.m in Sources */ = {isa = PBXBuildFile; fileRef = CA6AB3B925B66D4A0071664F /* main.m */; };
		CA6AB3C425B66D4A0071664F /* BOCeClangTests.m in Sources */ = {isa = PBXBuildFile; fileRef = CA6AB3C325B66D4A0071664F /* BOCeClangTests.m */; };
		CA6AB3CF25B66D4A0071664F /* BOCeClangUITests.m in Sources */ = {isa = PBXBuildFile; fileRef = CA6AB3CE25B66D4A0071664F /* BOCeClangUITests.m */; };
/* End PBXBuildFile section */

/* Begin PBXContainerItemProxy section */
		CA6AB3C025B66D4A0071664F /* PBXContainerItemProxy */ = {
			isa = PBXContainerItemProxy;
			containerPortal = CA6AB39C25B66D480071664F /* Project object */;
			proxyType = 1;
			remoteGlobalIDString = CA6AB3A325B66D480071664F;
			remoteInfo = BOCeClang;
		};
		CA6AB3CB25B66D4A0071664F /* PBXContainerItemProxy */ = {
			isa = PBXContainerItemProxy;
			containerPortal = CA6AB39C25B66D480071664F /* Project object */;
			proxyType = 1;
			remoteGlobalIDString = CA6AB3A325B66D480071664F;
			remoteInfo = BOCeClang;
		};
/* End PBXContainerItemProxy section */

/* Begin PBXFileReference section */
		CA6AB3A425B66D480071664F /* BOCeClang.app */ = {isa = PBXFileReference; explicitFileType = wrapper.application; includeInIndex = 0; path = BOCeClang.app; sourceTree = BUILT_PRODUCTS_DIR; };
		CA6AB3A725B66D480071664F /* AppDelegate.h */ = {isa = PBXFileReference; lastKnownFileType = sourcecode.c.h; path = AppDelegate.h; sourceTree = "<group>"; };
		CA6AB3A825B66D480071664F /* AppDelegate.m */ = {isa = PBXFileReference; lastKnownFileType = sourcecode.c.objc; path = AppDelegate.m; sourceTree = "<group>"; };
		CA6AB3AD25B66D480071664F /* ViewController.h */ = {isa = PBXFileReference; lastKnownFileType = sourcecode.c.h; path = ViewController.h; sourceTree = "<group>"; };
		CA6AB3AE25B66D480071664F /* ViewController.m */ = {isa = PBXFileReference; lastKnownFileType = sourcecode.c.objc; path = ViewController.m; sourceTree = "<group>"; };
		CA6AB3B125B66D480071664F /* Base */ = {isa = PBXFileReference; lastKnownFileType = file.storyboard; name = Base; path = Base.lproj/Main.storyboard; sourceTree = "<group>"; };
		CA6AB3B325B66D4A0071664F /* Assets.xcassets */ = {isa = PBXFileReference; lastKnownFileType = folder.assetcatalog; path = Assets.xcassets; sourceTree = "<group>"; };
		CA6AB3B625B66D4A0071664F /* Base */ = {isa = PBXFileReference; lastKnownFileType = file.storyboard; name = Base; path = Base.lproj/LaunchScreen.storyboard; sourceTree = "<group>"; };
		CA6AB3B825B66D4A0071664F /* Info.plist */ = {isa = PBXFileReference; lastKnownFileType = text.plist.xml; path = Info.plist; sourceTree = "<group>"; };
		CA6AB3B925B66D4A0071664F /* main.m */ = {isa = PBXFileReference; lastKnownFileType = sourcecode.c.objc; path = main.m; sourceTree = "<group>"; };
		CA6AB3BF25B66D4A0071664F /* BOCeClangTests.xctest */ = {isa = PBXFileReference; explicitFileType = wrapper.cfbundle; includeInIndex = 0; path = BOCeClangTests.xctest; sourceTree = BUILT_PRODUCTS_DIR; };
		CA6AB3C325B66D4A0071664F /* BOCeClangTests.m */ = {isa = PBXFileReference; lastKnownFileType = sourcecode.c.objc; path = BOCeClangTests.m; sourceTree = "<group>"; };
		CA6AB3C525B66D4A0071664F /* Info.plist */ = {isa = PBXFileReference; lastKnownFileType = text.plist.xml; path = Info.plist; sourceTree = "<group>"; };
		CA6AB3CA25B66D4A0071664F /* BOCeClangUITests.xctest */ = {isa = PBXFileReference; explicitFileType = wrapper.cfbundle; includeInIndex = 0; path = BOCeClangUITests.xctest; sourceTree = BUILT_PRODUCTS_DIR; };
		CA6AB3CE25B66D4A0071664F /* BOCeClangUITests.m */ = {isa = PBXFileReference; lastKnownFileType = sourcecode.c.objc; path = BOCeClangUITests.m; sourceTree = "<group>"; };
		CA6AB3D025B66D4A0071664F /* Info.plist */ = {isa = PBXFileReference; lastKnownFileType = text.plist.xml; path = Info.plist; sourceTree = "<group>"; };
/* End PBXFileReference section */

/* Begin PBXFrameworksBuildPhase section */
		CA6AB3A125B66D480071664F /* Frameworks */ = {
			isa = PBXFrameworksBuildPhase;
			buildActionMask = 2147483647;
			files = (
			);
			runOnlyForDeploymentPostprocessing = 0;
		};
		CA6AB3BC25B66D4A0071664F /* Frameworks */ = {
			isa = PBXFrameworksBuildPhase;
			buildActionMask = 2147483647;
			files = (
			);
			runOnlyForDeploymentPostprocessing = 0;
		};
		CA6AB3C725B66D4A0071664F /* Frameworks */ = {
			isa = PBXFrameworksBuildPhase;
			buildActionMask = 2147483647;
			files = (
			);
			runOnlyForDeploymentPostprocessing = 0;
		};
/* End PBXFrameworksBuildPhase section */

/* Begin PBXGroup section */
		CA6AB39B25B66D480071664F = {
			isa = PBXGroup;
			children = (
				CA6AB3A625B66D480071664F /* BOCeClang */,
				CA6AB3C225B66D4A0071664F /* BOCeClangTests */,
				CA6AB3CD25B66D4A0071664F /* BOCeClangUITests */,
				CA6AB3A525B66D480071664F /* Products */,
			);
			sourceTree = "<group>";
		};
		CA6AB3A525B66D480071664F /* Products */ = {
			isa = PBXGroup;
			children = (
				CA6AB3A425B66D480071664F /* BOCeClang.app */,
				CA6AB3BF25B66D4A0071664F /* BOCeClangTests.xctest */,
				CA6AB3CA25B66D4A0071664F /* BOCeClangUITests.xctest */,
			);
			name = Products;
			sourceTree = "<group>";
		};
		CA6AB3A625B66D480071664F /* BOCeClang */ = {
			isa = PBXGroup;
			children = (
				CA6AB3A725B66D480071664F /* AppDelegate.h */,
				CA6AB3A825B66D480071664F /* AppDelegate.m */,
				CA6AB3AD25B66D480071664F /* ViewController.h */,
				CA6AB3AE25B66D480071664F /* ViewController.m */,
				CA6AB3B025B66D480071664F /* Main.storyboard */,
				CA6AB3B325B66D4A0071664F /* Assets.xcassets */,
				CA6AB3B525B66D4A0071664F /* LaunchScreen.storyboard */,
				CA6AB3B825B66D4A0071664F /* Info.plist */,
				CA6AB3B925B66D4A0071664F /* main.m */,
			);
			path = BOCeClang;
			sourceTree = "<group>";
		};
		CA6AB3C225B66D4A0071664F /* BOCeClangTests */ = {
			isa = PBXGroup;
			children = (
				CA6AB3C325B66D4A0071664F /* BOCeClangTests.m */,
				CA6AB3C525B66D4A0071664F /* Info.plist */,
			);
			path = BOCeClangTests;
			sourceTree = "<group>";
		};
		CA6AB3CD25B66D4A0071664F /* BOCeClangUITests */ = {
			isa = PBXGroup;
			children = (
				CA6AB3CE25B66D4A0071664F /* BOCeClangUITests.m */,
				CA6AB3D025B66D4A0071664F /* Info.plist */,
			);
			path = BOCeClangUITests;
			sourceTree = "<group>";
		};
/* End PBXGroup section */

/* Begin PBXNativeTarget section */
		CA6AB3A325B66D480071664F /* BOCeClang */ = {
			isa = PBXNativeTarget;
			buildConfigurationList = CA6AB3D325B66D4A0071664F /* Build configuration list for PBXNativeTarget "BOCeClang" */;
			buildPhases = (
				CA6AB3A025B66D480071664F /* Sources */,
				CA6AB3A125B66D480071664F /* Frameworks */,
				CA6AB3A225B66D480071664F /* Resources */,
			);
			buildRules = (
			);
			dependencies = (
			);
			name = BOCeClang;
			productName = BOCeClang;
			productReference = CA6AB3A425B66D480071664F /* BOCeClang.app */;
			productType = "com.apple.product-type.application";
		};
		CA6AB3BE25B66D4A0071664F /* BOCeClangTests */ = {
			isa = PBXNativeTarget;
			buildConfigurationList = CA6AB3D625B66D4A0071664F /* Build configuration list for PBXNativeTarget "BOCeClangTests" */;
			buildPhases = (
				CA6AB3BB25B66D4A0071664F /* Sources */,
				CA6AB3BC25B66D4A0071664F /* Frameworks */,
				CA6AB3BD25B66D4A0071664F /* Resources */,
			);
			buildRules = (
			);
			dependencies = (
				CA6AB3C125B66D4A0071664F /* PBXTargetDependency */,
			);
			name = BOCeClangTests;
			productName = BOCeClangTests;
			productReference = CA6AB3BF25B66D4A0071664F /* BOCeClangTests.xctest */;
			productType = "com.apple.product-type.bundle.unit-test";
		};
		CA6AB3C925B66D4A0071664F /* BOCeClangUITests */ = {
			isa = PBXNativeTarget;
			buildConfigurationList = CA6AB3D925B66D4A0071664F /* Build configuration list for PBXNativeTarget "BOCeClangUITests" */;
			buildPhases = (
				CA6AB3C625B66D4A0071664F /* Sources */,
				CA6AB3C725B66D4A0071664F /* Frameworks */,
				CA6AB3C825B66D4A0071664F /* Resources */,
			);
			buildRules = (
			);
			dependencies = (
				CA6AB3CC25B66D4A0071664F /* PBXTargetDependency */,
			);
			name = BOCeClangUITests;
			productName = BOCeClangUITests;
			productReference = CA6AB3CA25B66D4A0071664F /* BOCeClangUITests.xctest */;
			productType = "com.apple.product-type.bundle.ui-testing";
		};
/* End PBXNativeTarget section */

/* Begin PBXProject section */
		CA6AB39C25B66D480071664F /* Project object */ = {
			isa = PBXProject;
			attributes = {
				LastUpgradeCheck = 1230;
				TargetAttributes = {
					CA6AB3A325B66D480071664F = {
						CreatedOnToolsVersion = 12.3;
					};
					CA6AB3BE25B66D4A0071664F = {
						CreatedOnToolsVersion = 12.3;
						TestTargetID = CA6AB3A325B66D480071664F;
					};
					CA6AB3C925B66D4A0071664F = {
						CreatedOnToolsVersion = 12.3;
						TestTargetID = CA6AB3A325B66D480071664F;
					};
				};
			};
			buildConfigurationList = CA6AB39F25B66D480071664F /* Build configuration list for PBXProject "BOCeClang" */;
			compatibilityVersion = "Xcode 9.3";
			developmentRegion = en;
			hasScannedForEncodings = 0;
			knownRegions = (
				en,
				Base,
			);
			mainGroup = CA6AB39B25B66D480071664F;
			productRefGroup = CA6AB3A525B66D480071664F /* Products */;
			projectDirPath = "";
			projectRoot = "";
			targets = (
				CA6AB3A325B66D480071664F /* BOCeClang */,
				CA6AB3BE25B66D4A0071664F /* BOCeClangTests */,
				CA6AB3C925B66D4A0071664F /* BOCeClangUITests */,
			);
		};
/* End PBXProject section */

/* Begin PBXResourcesBuildPhase section */
		CA6AB3A225B66D480071664F /* Resources */ = {
			isa = PBXResourcesBuildPhase;
			buildActionMask = 2147483647;
			files = (
				CA6AB3B725B66D4A0071664F /* LaunchScreen.storyboard in Resources */,
				CA6AB3B425B66D4A0071664F /* Assets.xcassets in Resources */,
				CA6AB3B225B66D480071664F /* Main.storyboard in Resources */,
			);
			runOnlyForDeploymentPostprocessing = 0;
		};
		CA6AB3BD25B66D4A0071664F /* Resources */ = {
			isa = PBXResourcesBuildPhase;
			buildActionMask = 2147483647;
			files = (
			);
			runOnlyForDeploymentPostprocessing = 0;
		};
		CA6AB3C825B66D4A0071664F /* Resources */ = {
			isa = PBXResourcesBuildPhase;
			buildActionMask = 2147483647;
			files = (
			);
			runOnlyForDeploymentPostprocessing = 0;
		};
/* End PBXResourcesBuildPhase section */

/* Begin PBXSourcesBuildPhase section */
		CA6AB3A025B66D480071664F /* Sources */ = {
			isa = PBXSourcesBuildPhase;
			buildActionMask = 2147483647;
			files = (
				CA6AB3AF25B66D480071664F /* ViewController.m in Sources */,
				CA6AB3A925B66D480071664F /* AppDelegate.m in Sources */,
				CA6AB3BA25B66D4A0071664F /* main.m in Sources */,
			);
			runOnlyForDeploymentPostprocessing = 0;
		};
		CA6AB3BB25B66D4A0071664F /* Sources */ = {
			isa = PBXSourcesBuildPhase;
			buildActionMask = 2147483647;
			files = (
				CA6AB3C425B66D4A0071664F /* BOCeClangTests.m in Sources */,
			);
			runOnlyForDeploymentPostprocessing = 0;
		};
		CA6AB3C625B66D4A0071664F /* Sources */ = {
			isa = PBXSourcesBuildPhase;
			buildActionMask = 2147483647;
			files = (
				CA6AB3CF25B66D4A0071664F /* BOCeClangUITests.m in Sources */,
			);
			runOnlyForDeploymentPostprocessing = 0;
		};
/* End PBXSourcesBuildPhase section */

/* Begin PBXTargetDependency section */
		CA6AB3C125B66D4A0071664F /* PBXTargetDependency */ = {
			isa = PBXTargetDependency;
			target = CA6AB3A325B66D480071664F /* BOCeClang */;
			targetProxy = CA6AB3C025B66D4A0071664F /* PBXContainerItemProxy */;
		};
		CA6AB3CC25B66D4A0071664F /* PBXTargetDependency */ = {
			isa = PBXTargetDependency;
			target = CA6AB3A325B66D480071664F /* BOCeClang */;
			targetProxy = CA6AB3CB25B66D4A0071664F /* PBXContainerItemProxy */;
		};
/* End PBXTargetDependency section */

/* Begin PBXVariantGroup section */
		CA6AB3B025B66D480071664F /* Main.storyboard */ = {
			isa = PBXVariantGroup;
			children = (
				CA6AB3B125B66D480071664F /* Base */,
			);
			name = Main.storyboard;
			sourceTree = "<group>";
		};
		CA6AB3B525B66D4A0071664F /* LaunchScreen.storyboard */ = {
			isa = PBXVariantGroup;
			children = (
				CA6AB3B625B66D4A0071664F /* Base */,
			);
			name = LaunchScreen.storyboard;
			sourceTree = "<group>";
		};
/* End PBXVariantGroup section */

/* Begin XCBuildConfiguration section */
		CA6AB3D125B66D4A0071664F /* Debug */ = {
			isa = XCBuildConfiguration;
			buildSettings = {
				ALWAYS_SEARCH_USER_PATHS = NO;
				CLANG_ANALYZER_NONNULL = YES;
				CLANG_ANALYZER_NUMBER_OBJECT_CONVERSION = YES_AGGRESSIVE;
				CLANG_CXX_LANGUAGE_STANDARD = "gnu++14";
				CLANG_CXX_LIBRARY = "libc++";
				CLANG_ENABLE_MODULES = YES;
				CLANG_ENABLE_OBJC_ARC = YES;
				CLANG_ENABLE_OBJC_WEAK = YES;
				CLANG_WARN_BLOCK_CAPTURE_AUTORELEASING = YES;
				CLANG_WARN_BOOL_CONVERSION = YES;
				CLANG_WARN_COMMA = YES;
				CLANG_WARN_CONSTANT_CONVERSION = YES;
				CLANG_WARN_DEPRECATED_OBJC_IMPLEMENTATIONS = YES;
				CLANG_WARN_DIRECT_OBJC_ISA_USAGE = YES_ERROR;
				CLANG_WARN_DOCUMENTATION_COMMENTS = YES;
				CLANG_WARN_EMPTY_BODY = YES;
				CLANG_WARN_ENUM_CONVERSION = YES;
				CLANG_WARN_INFINITE_RECURSION = YES;
				CLANG_WARN_INT_CONVERSION = YES;
				CLANG_WARN_NON_LITERAL_NULL_CONVERSION = YES;
				CLANG_WARN_OBJC_IMPLICIT_RETAIN_SELF = YES;
				CLANG_WARN_OBJC_LITERAL_CONVERSION = YES;
				CLANG_WARN_OBJC_ROOT_CLASS = YES_ERROR;
				CLANG_WARN_QUOTED_INCLUDE_IN_FRAMEWORK_HEADER = YES;
				CLANG_WARN_RANGE_LOOP_ANALYSIS = YES;
				CLANG_WARN_STRICT_PROTOTYPES = YES;
				CLANG_WARN_SUSPICIOUS_MOVE = YES;
				CLANG_WARN_UNGUARDED_AVAILABILITY = YES_AGGRESSIVE;
				CLANG_WARN_UNREACHABLE_CODE = YES;
				CLANG_WARN__DUPLICATE_METHOD_MATCH = YES;
				COPY_PHASE_STRIP = NO;
				DEBUG_INFORMATION_FORMAT = dwarf;
				ENABLE_STRICT_OBJC_MSGSEND = YES;
				ENABLE_TESTABILITY = YES;
				GCC_C_LANGUAGE_STANDARD = gnu11;
				GCC_DYNAMIC_NO_PIC = NO;
				GCC_NO_COMMON_BLOCKS = YES;
				GCC_OPTIMIZATION_LEVEL = 0;
				GCC_PREPROCESSOR_DEFINITIONS = (
					"DEBUG=1",
					"$(inherited)",
				);
				GCC_WARN_64_TO_32_BIT_CONVERSION = YES;
				GCC_WARN_ABOUT_RETURN_TYPE = YES_ERROR;
				GCC_WARN_UNDECLARED_SELECTOR = YES;
				GCC_WARN_UNINITIALIZED_AUTOS = YES_AGGRESSIVE;
				GCC_WARN_UNUSED_FUNCTION = YES;
				GCC_WARN_UNUSED_VARIABLE = YES;
				IPHONEOS_DEPLOYMENT_TARGET = 14.3;
				MTL_ENABLE_DEBUG_INFO = INCLUDE_SOURCE;
				MTL_FAST_MATH = YES;
				ONLY_ACTIVE_ARCH = YES;
				SDKROOT = iphoneos;
			};
			name = Debug;
		};
		CA6AB3D225B66D4A0071664F /* Release */ = {
			isa = XCBuildConfiguration;
			buildSettings = {
				ALWAYS_SEARCH_USER_PATHS = NO;
				CLANG_ANALYZER_NONNULL = YES;
				CLANG_ANALYZER_NUMBER_OBJECT_CONVERSION = YES_AGGRESSIVE;
				CLANG_CXX_LANGUAGE_STANDARD = "gnu++14";
				CLANG_CXX_LIBRARY = "libc++";
				CLANG_ENABLE_MODULES = YES;
				CLANG_ENABLE_OBJC_ARC = YES;
				CLANG_ENABLE_OBJC_WEAK = YES;
				CLANG_WARN_BLOCK_CAPTURE_AUTORELEASING = YES;
				CLANG_WARN_BOOL_CONVERSION = YES;
				CLANG_WARN_COMMA = YES;
				CLANG_WARN_CONSTANT_CONVERSION = YES;
				CLANG_WARN_DEPRECATED_OBJC_IMPLEMENTATIONS = YES;
				CLANG_WARN_DIRECT_OBJC_ISA_USAGE = YES_ERROR;
				CLANG_WARN_DOCUMENTATION_COMMENTS = YES;
				CLANG_WARN_EMPTY_BODY = YES;
				CLANG_WARN_ENUM_CONVERSION = YES;
				CLANG_WARN_INFINITE_RECURSION = YES;
				CLANG_WARN_INT_CONVERSION = YES;
				CLANG_WARN_NON_LITERAL_NULL_CONVERSION = YES;
				CLANG_WARN_OBJC_IMPLICIT_RETAIN_SELF = YES;
				CLANG_WARN_OBJC_LITERAL_CONVERSION = YES;
				CLANG_WARN_OBJC_ROOT_CLASS = YES_ERROR;
				CLANG_WARN_QUOTED_INCLUDE_IN_FRAMEWORK_HEADER = YES;
				CLANG_WARN_RANGE_LOOP_ANALYSIS = YES;
				CLANG_WARN_STRICT_PROTOTYPES = YES;
				CLANG_WARN_SUSPICIOUS_MOVE = YES;
				CLANG_WARN_UNGUARDED_AVAILABILITY = YES_AGGRESSIVE;
				CLANG_WARN_UNREACHABLE_CODE = YES;
				CLANG_WARN__DUPLICATE_METHOD_MATCH = YES;
				COPY_PHASE_STRIP = NO;
				DEBUG_INFORMATION_FORMAT = "dwarf-with-dsym";
				ENABLE_NS_ASSERTIONS = NO;
				ENABLE_STRICT_OBJC_MSGSEND = YES;
				GCC_C_LANGUAGE_STANDARD = gnu11;
				GCC_NO_COMMON_BLOCKS = YES;
				GCC_WARN_64_TO_32_BIT_CONVERSION = YES;
				GCC_WARN_ABOUT_RETURN_TYPE = YES_ERROR;
				GCC_WARN_UNDECLARED_SELECTOR = YES;
				GCC_WARN_UNINITIALIZED_AUTOS = YES_AGGRESSIVE;
				GCC_WARN_UNUSED_FUNCTION = YES;
				GCC_WARN_UNUSED_VARIABLE = YES;
				IPHONEOS_DEPLOYMENT_TARGET = 14.3;
				MTL_ENABLE_DEBUG_INFO = NO;
				MTL_FAST_MATH = YES;
				SDKROOT = iphoneos;
				VALIDATE_PRODUCT = YES;
			};
			name = Release;
		};
		CA6AB3D425B66D4A0071664F /* Debug */ = {
			isa = XCBuildConfiguration;
			buildSettings = {
				ASSETCATALOG_COMPILER_APPICON_NAME = AppIcon;
				ASSETCATALOG_COMPILER_GLOBAL_ACCENT_COLOR_NAME = AccentColor;
				CODE_SIGN_STYLE = Automatic;
				INFOPLIST_FILE = BOCeClang/Info.plist;
				LD_RUNPATH_SEARCH_PATHS = (
					"$(inherited)",
					"@executable_path/Frameworks",
				);
				PRODUCT_BUNDLE_IDENTIFIER = com.boce.BOCeClang;
				PRODUCT_NAME = "$(TARGET_NAME)";
				TARGETED_DEVICE_FAMILY = "1,2";
			};
			name = Debug;
		};
		CA6AB3D525B66D4A0071664F /* Release */ = {
			isa = XCBuildConfiguration;
			buildSettings = {
				ASSETCATALOG_COMPILER_APPICON_NAME = AppIcon;
				ASSETCATALOG_COMPILER_GLOBAL_ACCENT_COLOR_NAME = AccentColor;
				CODE_SIGN_STYLE = Automatic;
				INFOPLIST_FILE = BOCeClang/Info.plist;
				LD_RUNPATH_SEARCH_PATHS = (
					"$(inherited)",
					"@executable_path/Frameworks",
				);
				PRODUCT_BUNDLE_IDENTIFIER = com.boce.BOCeClang;
				PRODUCT_NAME = "$(TARGET_NAME)";
				TARGETED_DEVICE_FAMILY = "1,2";
			};
			name = Release;
		};
		CA6AB3D725B66D4A0071664F /* Debug */ = {
			isa = XCBuildConfiguration;
			buildSettings = {
				BUNDLE_LOADER = "$(TEST_HOST)";
				CODE_SIGN_STYLE = Automatic;
				INFOPLIST_FILE = BOCeClangTests/Info.plist;
				IPHONEOS_DEPLOYMENT_TARGET = 14.3;
				LD_RUNPATH_SEARCH_PATHS = (
					"$(inherited)",
					"@executable_path/Frameworks",
					"@loader_path/Frameworks",
				);
				PRODUCT_BUNDLE_IDENTIFIER = com.boce.BOCeClangTests;
				PRODUCT_NAME = "$(TARGET_NAME)";
				TARGETED_DEVICE_FAMILY = "1,2";
				TEST_HOST = "$(BUILT_PRODUCTS_DIR)/BOCeClang.app/BOCeClang";
			};
			name = Debug;
		};
		CA6AB3D825B66D4A0071664F /* Release */ = {
			isa = XCBuildConfiguration;
			buildSettings = {
				BUNDLE_LOADER = "$(TEST_HOST)";
				CODE_SIGN_STYLE = Automatic;
				INFOPLIST_FILE = BOCeClangTests/Info.plist;
				IPHONEOS_DEPLOYMENT_TARGET = 14.3;
				LD_RUNPATH_SEARCH_PATHS = (
					"$(inherited)",
					"@executable_path/Frameworks",
					"@loader_path/Frameworks",
				);
				PRODUCT_BUNDLE_IDENTIFIER = com.boce.BOCeClangTests;
				PRODUCT_NAME = "$(TARGET_NAME)";
				TARGETED_DEVICE_FAMILY = "1,2";
				TEST_HOST = "$(BUILT_PRODUCTS_DIR)/BOCeClang.app/BOCeClang";
			};
			name = Release;
		};
		CA6AB3DA25B66D4A0071664F /* Debug */ = {
			isa = XCBuildConfiguration;
			buildSettings = {
				CODE_SIGN_STYLE = Automatic;
				INFOPLIST_FILE = BOCeClangUITests/Info.plist;
				LD_RUNPATH_SEARCH_PATHS = (
					"$(inherited)",
					"@executable_path/Frameworks",
					"@loader_path/Frameworks",
				);
				PRODUCT_BUNDLE_IDENTIFIER = com.boce.BOCeClangUITests;
				PRODUCT_NAME = "$(TARGET_NAME)";
				TARGETED_DEVICE_FAMILY = "1,2";
				TEST_TARGET_NAME = BOCeClang;
			};
			name = Debug;
		};
		CA6AB3DB25B66D4A0071664F /* Release */ = {
			isa = XCBuildConfiguration;
			buildSettings = {
				CODE_SIGN_STYLE = Automatic;
				INFOPLIST_FILE = BOCeClangUITests/Info.plist;
				LD_RUNPATH_SEARCH_PATHS = (
					"$(inherited)",
					"@executable_path/Frameworks",
					"@loader_path/Frameworks",
				);
				PRODUCT_BUNDLE_IDENTIFIER = com.boce.BOCeClangUITests;
				PRODUCT_NAME = "$(TARGET_NAME)";
				TARGETED_DEVICE_FAMILY = "1,2";
				TEST_TARGET_NAME = BOCeClang;
			};
			name = Release;
		};
/* End XCBuildConfiguration section */

/* Begin XCConfigurationList section */
		CA6AB39F25B66D480071664F /* Build configuration list for PBXProject "BOCeClang" */ = {
			isa = XCConfigurationList;
			buildConfigurations = (
				CA6AB3D125B66D4A0071664F /* Debug */,
				CA6AB3D225B66D4A0071664F /* Release */,
			);
			defaultConfigurationIsVisible = 0;
			defaultConfigurationName = Release;
		};
		CA6AB3D325B66D4A0071664F /* Build configuration list for PBXNativeTarget "BOCeClang" */ = {
			isa = XCConfigurationList;
			buildConfigurations = (
				CA6AB3D425B66D4A0071664F /* Debug */,
				CA6AB3D525B66D4A0071664F /* Release */,
			);
			defaultConfigurationIsVisible = 0;
			defaultConfigurationName = Release;
		};
		CA6AB3D625B66D4A0071664F /* Build configuration list for PBXNativeTarget "BOCeClangTests" */ = {
			isa = XCConfigurationList;
			buildConfigurations = (
				CA6AB3D725B66D4A0071664F /* Debug */,
				CA6AB3D825B66D4A0071664F /* Release */,
			);
			defaultConfigurationIsVisible = 0;
			defaultConfigurationName = Release;
		};
		CA6AB3D925B66D4A0071664F /* Build configuration list for PBXNativeTarget "BOCeClangUITests" */ = {
			isa = XCConfigurationList;
			buildConfigurations = (
				CA6AB3DA25B66D4A0071664F /* Debug */,
				CA6AB3DB25B66D4A0071664F /* Release */,
			);
			defaultConfigurationIsVisible = 0;
			defaultConfigurationName = Release;
		};
/* End XCConfigurationList section */
	};
	rootObject = CA6AB39C25B66D480071664F /* Project object */;
}
